// !$*UTF8*$!
{
	archiveVersion = 1;
	classes = {
	};
	objectVersion = 50;
	objects = {

/* Begin PBXBuildFile section */
		5E3725BAF434E85A9DC72B18 /* Pods_TestFloatingPanel.framework in Frameworks */ = {isa = PBXBuildFile; fileRef = 4469761CC5AA618D0AEC0A4E /* Pods_TestFloatingPanel.framework */; };
		78036BB82208C2A700A7FD8D /* AppDelegate.swift in Sources */ = {isa = PBXBuildFile; fileRef = 78036BB72208C2A700A7FD8D /* AppDelegate.swift */; };
		78036BBA2208C2A700A7FD8D /* ViewController.swift in Sources */ = {isa = PBXBuildFile; fileRef = 78036BB92208C2A700A7FD8D /* ViewController.swift */; };
		78036BBD2208C2A700A7FD8D /* Main.storyboard in Resources */ = {isa = PBXBuildFile; fileRef = 78036BBB2208C2A700A7FD8D /* Main.storyboard */; };
		78036BBF2208C2A900A7FD8D /* Assets.xcassets in Resources */ = {isa = PBXBuildFile; fileRef = 78036BBE2208C2A900A7FD8D /* Assets.xcassets */; };
		78036BC22208C2A900A7FD8D /* LaunchScreen.storyboard in Resources */ = {isa = PBXBuildFile; fileRef = 78036BC02208C2A900A7FD8D /* LaunchScreen.storyboard */; };
		78036BCA2208C37000A7FD8D /* ContentViewController.swift in Sources */ = {isa = PBXBuildFile; fileRef = 78036BC92208C37000A7FD8D /* ContentViewController.swift */; };
/* End PBXBuildFile section */

/* Begin PBXFileReference section */
		3660ECDC6BE1039F899C5D1C /* Pods-TestFloatingPanel.debug.xcconfig */ = {isa = PBXFileReference; includeInIndex = 1; lastKnownFileType = text.xcconfig; name = "Pods-TestFloatingPanel.debug.xcconfig"; path = "Pods/Target Support Files/Pods-TestFloatingPanel/Pods-TestFloatingPanel.debug.xcconfig"; sourceTree = "<group>"; };
		4469761CC5AA618D0AEC0A4E /* Pods_TestFloatingPanel.framework */ = {isa = PBXFileReference; explicitFileType = wrapper.framework; includeInIndex = 0; path = Pods_TestFloatingPanel.framework; sourceTree = BUILT_PRODUCTS_DIR; };
		78036BB42208C2A700A7FD8D /* TestFloatingPanel.app */ = {isa = PBXFileReference; explicitFileType = wrapper.application; includeInIndex = 0; path = TestFloatingPanel.app; sourceTree = BUILT_PRODUCTS_DIR; };
		78036BB72208C2A700A7FD8D /* AppDelegate.swift */ = {isa = PBXFileReference; lastKnownFileType = sourcecode.swift; path = AppDelegate.swift; sourceTree = "<group>"; };
		78036BB92208C2A700A7FD8D /* ViewController.swift */ = {isa = PBXFileReference; lastKnownFileType = sourcecode.swift; path = ViewController.swift; sourceTree = "<group>"; };
		78036BBC2208C2A700A7FD8D /* Base */ = {isa = PBXFileReference; lastKnownFileType = file.storyboard; name = Base; path = Base.lproj/Main.storyboard; sourceTree = "<group>"; };
		78036BBE2208C2A900A7FD8D /* Assets.xcassets */ = {isa = PBXFileReference; lastKnownFileType = folder.assetcatalog; path = Assets.xcassets; sourceTree = "<group>"; };
		78036BC12208C2A900A7FD8D /* Base */ = {isa = PBXFileReference; lastKnownFileType = file.storyboard; name = Base; path = Base.lproj/LaunchScreen.storyboard; sourceTree = "<group>"; };
		78036BC32208C2A900A7FD8D /* Info.plist */ = {isa = PBXFileReference; lastKnownFileType = text.plist.xml; path = Info.plist; sourceTree = "<group>"; };
		78036BC92208C37000A7FD8D /* ContentViewController.swift */ = {isa = PBXFileReference; lastKnownFileType = sourcecode.swift; path = ContentViewController.swift; sourceTree = "<group>"; };
		A9F28942E6992C65455A4C75 /* Pods-TestFloatingPanel.release.xcconfig */ = {isa = PBXFileReference; includeInIndex = 1; lastKnownFileType = text.xcconfig; name = "Pods-TestFloatingPanel.release.xcconfig"; path = "Pods/Target Support Files/Pods-TestFloatingPanel/Pods-TestFloatingPanel.release.xcconfig"; sourceTree = "<group>"; };
/* End PBXFileReference section */

/* Begin PBXFrameworksBuildPhase section */
		78036BB12208C2A700A7FD8D /* Frameworks */ = {
			isa = PBXFrameworksBuildPhase;
			buildActionMask = 2147483647;
			files = (
				5E3725BAF434E85A9DC72B18 /* Pods_TestFloatingPanel.framework in Frameworks */,
			);
			runOnlyForDeploymentPostprocessing = 0;
		};
/* End PBXFrameworksBuildPhase section */

/* Begin PBXGroup section */
		441799C20C64A44F30EA3163 /* Frameworks */ = {
			isa = PBXGroup;
			children = (
				4469761CC5AA618D0AEC0A4E /* Pods_TestFloatingPanel.framework */,
			);
			name = Frameworks;
			sourceTree = "<group>";
		};
		78036BAB2208C2A700A7FD8D = {
			isa = PBXGroup;
			children = (
				78036BB62208C2A700A7FD8D /* TestFloatingPanel */,
				78036BB52208C2A700A7FD8D /* Products */,
				BFABFADEEA490DCA6DC1F661 /* Pods */,
				441799C20C64A44F30EA3163 /* Frameworks */,
			);
			sourceTree = "<group>";
		};
		78036BB52208C2A700A7FD8D /* Products */ = {
			isa = PBXGroup;
			children = (
				78036BB42208C2A700A7FD8D /* TestFloatingPanel.app */,
			);
			name = Products;
			sourceTree = "<group>";
		};
		78036BB62208C2A700A7FD8D /* TestFloatingPanel */ = {
			isa = PBXGroup;
			children = (
				78036BB72208C2A700A7FD8D /* AppDelegate.swift */,
				78036BB92208C2A700A7FD8D /* ViewController.swift */,
				78036BC92208C37000A7FD8D /* ContentViewController.swift */,
				78036BBB2208C2A700A7FD8D /* Main.storyboard */,
				78036BBE2208C2A900A7FD8D /* Assets.xcassets */,
				78036BC02208C2A900A7FD8D /* LaunchScreen.storyboard */,
				78036BC32208C2A900A7FD8D /* Info.plist */,
			);
			path = TestFloatingPanel;
			sourceTree = "<group>";
		};
		BFABFADEEA490DCA6DC1F661 /* Pods */ = {
			isa = PBXGroup;
			children = (
				3660ECDC6BE1039F899C5D1C /* Pods-TestFloatingPanel.debug.xcconfig */,
				A9F28942E6992C65455A4C75 /* Pods-TestFloatingPanel.release.xcconfig */,
			);
			name = Pods;
			sourceTree = "<group>";
		};
/* End PBXGroup section */

/* Begin PBXNativeTarget section */
		78036BB32208C2A700A7FD8D /* TestFloatingPanel */ = {
			isa = PBXNativeTarget;
			buildConfigurationList = 78036BC62208C2A900A7FD8D /* Build configuration list for PBXNativeTarget "TestFloatingPanel" */;
			buildPhases = (
				FF6301E6AD51DE47A6D6A29F /* [CP] Check Pods Manifest.lock */,
				78036BB02208C2A700A7FD8D /* Sources */,
				78036BB12208C2A700A7FD8D /* Frameworks */,
				78036BB22208C2A700A7FD8D /* Resources */,
				AFF38DF539C7B12D0674F7B4 /* [CP] Embed Pods Frameworks */,
			);
			buildRules = (
			);
			dependencies = (
			);
			name = TestFloatingPanel;
			productName = TestFloatingPanel;
			productReference = 78036BB42208C2A700A7FD8D /* TestFloatingPanel.app */;
			productType = "com.apple.product-type.application";
		};
/* End PBXNativeTarget section */

/* Begin PBXProject section */
		78036BAC2208C2A700A7FD8D /* Project object */ = {
			isa = PBXProject;
			attributes = {
				LastSwiftUpdateCheck = 1010;
				LastUpgradeCheck = 1010;
				ORGANIZATIONNAME = "Anton Glezman";
				TargetAttributes = {
					78036BB32208C2A700A7FD8D = {
						CreatedOnToolsVersion = 10.1;
					};
				};
			};
			buildConfigurationList = 78036BAF2208C2A700A7FD8D /* Build configuration list for PBXProject "TestFloatingPanel" */;
			compatibilityVersion = "Xcode 9.3";
			developmentRegion = en;
			hasScannedForEncodings = 0;
			knownRegions = (
				en,
				Base,
			);
			mainGroup = 78036BAB2208C2A700A7FD8D;
			productRefGroup = 78036BB52208C2A700A7FD8D /* Products */;
			projectDirPath = "";
			projectRoot = "";
			targets = (
				78036BB32208C2A700A7FD8D /* TestFloatingPanel */,
			);
		};
/* End PBXProject section */

/* Begin PBXResourcesBuildPhase section */
		78036BB22208C2A700A7FD8D /* Resources */ = {
			isa = PBXResourcesBuildPhase;
			buildActionMask = 2147483647;
			files = (
				78036BC22208C2A900A7FD8D /* LaunchScreen.storyboard in Resources */,
				78036BBF2208C2A900A7FD8D /* Assets.xcassets in Resources */,
				78036BBD2208C2A700A7FD8D /* Main.storyboard in Resources */,
			);
			runOnlyForDeploymentPostprocessing = 0;
		};
/* End PBXResourcesBuildPhase section */

/* Begin PBXShellScriptBuildPhase section */
		AFF38DF539C7B12D0674F7B4 /* [CP] Embed Pods Frameworks */ = {
			isa = PBXShellScriptBuildPhase;
			buildActionMask = 2147483647;
			files = (
			);
			inputFileListPaths = (
			);
			inputPaths = (
				"${SRCROOT}/Pods/Target Support Files/Pods-TestFloatingPanel/Pods-TestFloatingPanel-frameworks.sh",
				"${BUILT_PRODUCTS_DIR}/FloatingPanel/FloatingPanel.framework",
			);
			name = "[CP] Embed Pods Frameworks";
			outputFileListPaths = (
			);
			outputPaths = (
				"${TARGET_BUILD_DIR}/${FRAMEWORKS_FOLDER_PATH}/FloatingPanel.framework",
			);
			runOnlyForDeploymentPostprocessing = 0;
			shellPath = /bin/sh;
			shellScript = "\"${SRCROOT}/Pods/Target Support Files/Pods-TestFloatingPanel/Pods-TestFloatingPanel-frameworks.sh\"\n";
			showEnvVarsInLog = 0;
		};
		FF6301E6AD51DE47A6D6A29F /* [CP] Check Pods Manifest.lock */ = {
			isa = PBXShellScriptBuildPhase;
			buildActionMask = 2147483647;
			files = (
			);
			inputFileListPaths = (
			);
			inputPaths = (
				"${PODS_PODFILE_DIR_PATH}/Podfile.lock",
				"${PODS_ROOT}/Manifest.lock",
			);
			name = "[CP] Check Pods Manifest.lock";
			outputFileListPaths = (
			);
			outputPaths = (
				"$(DERIVED_FILE_DIR)/Pods-TestFloatingPanel-checkManifestLockResult.txt",
			);
			runOnlyForDeploymentPostprocessing = 0;
			shellPath = /bin/sh;
			shellScript = "diff \"${PODS_PODFILE_DIR_PATH}/Podfile.lock\" \"${PODS_ROOT}/Manifest.lock\" > /dev/null\nif [ $? != 0 ] ; then\n    # print error to STDERR\n    echo \"error: The sandbox is not in sync with the Podfile.lock. Run 'pod install' or update your CocoaPods installation.\" >&2\n    exit 1\nfi\n# This output is used by Xcode 'outputs' to avoid re-running this script phase.\necho \"SUCCESS\" > \"${SCRIPT_OUTPUT_FILE_0}\"\n";
			showEnvVarsInLog = 0;
		};
/* End PBXShellScriptBuildPhase section */

/* Begin PBXSourcesBuildPhase section */
		78036BB02208C2A700A7FD8D /* Sources */ = {
			isa = PBXSourcesBuildPhase;
			buildActionMask = 2147483647;
			files = (
				78036BBA2208C2A700A7FD8D /* ViewController.swift in Sources */,
				78036BCA2208C37000A7FD8D /* ContentViewController.swift in Sources */,
				78036BB82208C2A700A7FD8D /* AppDelegate.swift in Sources */,
			);
			runOnlyForDeploymentPostprocessing = 0;
		};
/* End PBXSourcesBuildPhase section */

/* Begin PBXVariantGroup section */
		78036BBB2208C2A700A7FD8D /* Main.storyboard */ = {
			isa = PBXVariantGroup;
			children = (
				78036BBC2208C2A700A7FD8D /* Base */,
			);
			name = Main.storyboard;
			sourceTree = "<group>";
		};
		78036BC02208C2A900A7FD8D /* LaunchScreen.storyboard */ = {
			isa = PBXVariantGroup;
			children = (
				78036BC12208C2A900A7FD8D /* Base */,
			);
			name = LaunchScreen.storyboard;
			sourceTree = "<group>";
		};
/* End PBXVariantGroup section */

/* Begin XCBuildConfiguration section */
		78036BC42208C2A900A7FD8D /* Debug */ = {
			isa = XCBuildConfiguration;
			buildSettings = {
				ALWAYS_SEARCH_USER_PATHS = NO;
				CLANG_ANALYZER_NONNULL = YES;
				CLANG_ANALYZER_NUMBER_OBJECT_CONVERSION = YES_AGGRESSIVE;
				CLANG_CXX_LANGUAGE_STANDARD = "gnu++14";
				CLANG_CXX_LIBRARY = "libc++";
				CLANG_ENABLE_MODULES = YES;
				CLANG_ENABLE_OBJC_ARC = YES;
				CLANG_ENABLE_OBJC_WEAK = YES;
				CLANG_WARN_BLOCK_CAPTURE_AUTORELEASING = YES;
				CLANG_WARN_BOOL_CONVERSION = YES;
				CLANG_WARN_COMMA = YES;
				CLANG_WARN_CONSTANT_CONVERSION = YES;
				CLANG_WARN_DEPRECATED_OBJC_IMPLEMENTATIONS = YES;
				CLANG_WARN_DIRECT_OBJC_ISA_USAGE = YES_ERROR;
				CLANG_WARN_DOCUMENTATION_COMMENTS = YES;
				CLANG_WARN_EMPTY_BODY = YES;
				CLANG_WARN_ENUM_CONVERSION = YES;
				CLANG_WARN_INFINITE_RECURSION = YES;
				CLANG_WARN_INT_CONVERSION = YES;
				CLANG_WARN_NON_LITERAL_NULL_CONVERSION = YES;
				CLANG_WARN_OBJC_IMPLICIT_RETAIN_SELF = YES;
				CLANG_WARN_OBJC_LITERAL_CONVERSION = YES;
				CLANG_WARN_OBJC_ROOT_CLASS = YES_ERROR;
				CLANG_WARN_RANGE_LOOP_ANALYSIS = YES;
				CLANG_WARN_STRICT_PROTOTYPES = YES;
				CLANG_WARN_SUSPICIOUS_MOVE = YES;
				CLANG_WARN_UNGUARDED_AVAILABILITY = YES_AGGRESSIVE;
				CLANG_WARN_UNREACHABLE_CODE = YES;
				CLANG_WARN__DUPLICATE_METHOD_MATCH = YES;
				CODE_SIGN_IDENTITY = "iPhone Developer";
				COPY_PHASE_STRIP = NO;
				DEBUG_INFORMATION_FORMAT = dwarf;
				ENABLE_STRICT_OBJC_MSGSEND = YES;
				ENABLE_TESTABILITY = YES;
				GCC_C_LANGUAGE_STANDARD = gnu11;
				GCC_DYNAMIC_NO_PIC = NO;
				GCC_NO_COMMON_BLOCKS = YES;
				GCC_OPTIMIZATION_LEVEL = 0;
				GCC_PREPROCESSOR_DEFINITIONS = (
					"DEBUG=1",
					"$(inherited)",
				);
				GCC_WARN_64_TO_32_BIT_CONVERSION = YES;
				GCC_WARN_ABOUT_RETURN_TYPE = YES_ERROR;
				GCC_WARN_UNDECLARED_SELECTOR = YES;
				GCC_WARN_UNINITIALIZED_AUTOS = YES_AGGRESSIVE;
				GCC_WARN_UNUSED_FUNCTION = YES;
				GCC_WARN_UNUSED_VARIABLE = YES;
				IPHONEOS_DEPLOYMENT_TARGET = 12.1;
				MTL_ENABLE_DEBUG_INFO = INCLUDE_SOURCE;
				MTL_FAST_MATH = YES;
				ONLY_ACTIVE_ARCH = YES;
				SDKROOT = iphoneos;
				SWIFT_ACTIVE_COMPILATION_CONDITIONS = DEBUG;
				SWIFT_OPTIMIZATION_LEVEL = "-Onone";
			};
			name = Debug;
		};
		78036BC52208C2A900A7FD8D /* Release */ = {
			isa = XCBuildConfiguration;
			buildSettings = {
				ALWAYS_SEARCH_USER_PATHS = NO;
				CLANG_ANALYZER_NONNULL = YES;
				CLANG_ANALYZER_NUMBER_OBJECT_CONVERSION = YES_AGGRESSIVE;
				CLANG_CXX_LANGUAGE_STANDARD = "gnu++14";
				CLANG_CXX_LIBRARY = "libc++";
				CLANG_ENABLE_MODULES = YES;
				CLANG_ENABLE_OBJC_ARC = YES;
				CLANG_ENABLE_OBJC_WEAK = YES;
				CLANG_WARN_BLOCK_CAPTURE_AUTORELEASING = YES;
				CLANG_WARN_BOOL_CONVERSION = YES;
				CLANG_WARN_COMMA = YES;
				CLANG_WARN_CONSTANT_CONVERSION = YES;
				CLANG_WARN_DEPRECATED_OBJC_IMPLEMENTATIONS = YES;
				CLANG_WARN_DIRECT_OBJC_ISA_USAGE = YES_ERROR;
				CLANG_WARN_DOCUMENTATION_COMMENTS = YES;
				CLANG_WARN_EMPTY_BODY = YES;
				CLANG_WARN_ENUM_CONVERSION = YES;
				CLANG_WARN_INFINITE_RECURSION = YES;
				CLANG_WARN_INT_CONVERSION = YES;
				CLANG_WARN_NON_LITERAL_NULL_CONVERSION = YES;
				CLANG_WARN_OBJC_IMPLICIT_RETAIN_SELF = YES;
				CLANG_WARN_OBJC_LITERAL_CONVERSION = YES;
				CLANG_WARN_OBJC_ROOT_CLASS = YES_ERROR;
				CLANG_WARN_RANGE_LOOP_ANALYSIS = YES;
				CLANG_WARN_STRICT_PROTOTYPES = YES;
				CLANG_WARN_SUSPICIOUS_MOVE = YES;
				CLANG_WARN_UNGUARDED_AVAILABILITY = YES_AGGRESSIVE;
				CLANG_WARN_UNREACHABLE_CODE = YES;
				CLANG_WARN__DUPLICATE_METHOD_MATCH = YES;
				CODE_SIGN_IDENTITY = "iPhone Developer";
				COPY_PHASE_STRIP = NO;
				DEBUG_INFORMATION_FORMAT = "dwarf-with-dsym";
				ENABLE_NS_ASSERTIONS = NO;
				ENABLE_STRICT_OBJC_MSGSEND = YES;
				GCC_C_LANGUAGE_STANDARD = gnu11;
				GCC_NO_COMMON_BLOCKS = YES;
				GCC_WARN_64_TO_32_BIT_CONVERSION = YES;
				GCC_WARN_ABOUT_RETURN_TYPE = YES_ERROR;
				GCC_WARN_UNDECLARED_SELECTOR = YES;
				GCC_WARN_UNINITIALIZED_AUTOS = YES_AGGRESSIVE;
				GCC_WARN_UNUSED_FUNCTION = YES;
				GCC_WARN_UNUSED_VARIABLE = YES;
				IPHONEOS_DEPLOYMENT_TARGET = 12.1;
				MTL_ENABLE_DEBUG_INFO = NO;
				MTL_FAST_MATH = YES;
				SDKROOT = iphoneos;
				SWIFT_COMPILATION_MODE = wholemodule;
				SWIFT_OPTIMIZATION_LEVEL = "-O";
				VALIDATE_PRODUCT = YES;
			};
			name = Release;
		};
		78036BC72208C2A900A7FD8D /* Debug */ = {
			isa = XCBuildConfiguration;
			baseConfigurationReference = 3660ECDC6BE1039F899C5D1C /* Pods-TestFloatingPanel.debug.xcconfig */;
			buildSettings = {
				ASSETCATALOG_COMPILER_APPICON_NAME = AppIcon;
				CODE_SIGN_STYLE = Automatic;
				DEVELOPMENT_TEAM = 659FYM3937;
				INFOPLIST_FILE = TestFloatingPanel/Info.plist;
				LD_RUNPATH_SEARCH_PATHS = (
					"$(inherited)",
					"@executable_path/Frameworks",
				);
				PRODUCT_BUNDLE_IDENTIFIER = com.glezman.TestFloatingPanel;
				PRODUCT_NAME = "$(TARGET_NAME)";
				SWIFT_VERSION = 4.2;
				TARGETED_DEVICE_FAMILY = "1,2";
			};
			name = Debug;
		};
		78036BC82208C2A900A7FD8D /* Release */ = {
			isa = XCBuildConfiguration;
			baseConfigurationReference = A9F28942E6992C65455A4C75 /* Pods-TestFloatingPanel.release.xcconfig */;
			buildSettings = {
				ASSETCATALOG_COMPILER_APPICON_NAME = AppIcon;
				CODE_SIGN_STYLE = Automatic;
				DEVELOPMENT_TEAM = 659FYM3937;
				INFOPLIST_FILE = TestFloatingPanel/Info.plist;
				LD_RUNPATH_SEARCH_PATHS = (
					"$(inherited)",
					"@executable_path/Frameworks",
				);
				PRODUCT_BUNDLE_IDENTIFIER = com.glezman.TestFloatingPanel;
				PRODUCT_NAME = "$(TARGET_NAME)";
				SWIFT_VERSION = 4.2;
				TARGETED_DEVICE_FAMILY = "1,2";
			};
			name = Release;
		};
/* End XCBuildConfiguration section */

/* Begin XCConfigurationList section */
		78036BAF2208C2A700A7FD8D /* Build configuration list for PBXProject "TestFloatingPanel" */ = {
			isa = XCConfigurationList;
			buildConfigurations = (
				78036BC42208C2A900A7FD8D /* Debug */,
				78036BC52208C2A900A7FD8D /* Release */,
			);
			defaultConfigurationIsVisible = 0;
			defaultConfigurationName = Release;
		};
		78036BC62208C2A900A7FD8D /* Build configuration list for PBXNativeTarget "TestFloatingPanel" */ = {
			isa = XCConfigurationList;
			buildConfigurations = (
				78036BC72208C2A900A7FD8D /* Debug */,
				78036BC82208C2A900A7FD8D /* Release */,
			);
			defaultConfigurationIsVisible = 0;
			defaultConfigurationName = Release;
		};
/* End XCConfigurationList section */
	};
	rootObject = 78036BAC2208C2A700A7FD8D /* Project object */;
}
